
Microsoft Visual Studio Solution File, Format Version 12.00
# Visual Studio 2015
Project("{FAE04EC0-301F-11D3-BF4B-00C04F79EFBC}") = "Virtual-Hit", "Virtual-Hit.csproj", "{75AE0606-32B0-E4CA-305F-EB4C0748F171}"
EndProject
Project("{FAE04EC0-301F-11D3-BF4B-00C04F79EFBC}") = "Virtual-Hit.Editor", "Virtual-Hit.Editor.csproj", "{61266608-DD55-58AA-7851-7444B9EE737D}"
EndProject
Global
	GlobalSection(SolutionConfigurationPlatforms) = preSolution
		Debug|Any CPU = Debug|Any CPU
		Release|Any CPU = Release|Any CPU
	EndGlobalSection
	GlobalSection(ProjectConfigurationPlatforms) = postSolution
		{75AE0606-32B0-E4CA-305F-EB4C0748F171}.Debug|Any CPU.ActiveCfg = Debug|Any CPU
		{75AE0606-32B0-E4CA-305F-EB4C0748F171}.Debug|Any CPU.Build.0 = Debug|Any CPU
		{75AE0606-32B0-E4CA-305F-EB4C0748F171}.Release|Any CPU.ActiveCfg = Release|Any CPU
		{75AE0606-32B0-E4CA-305F-EB4C0748F171}.Release|Any CPU.Build.0 = Release|Any CPU
		{61266608-DD55-58AA-7851-7444B9EE737D}.Debug|Any CPU.ActiveCfg = Debug|Any CPU
		{61266608-DD55-58AA-7851-7444B9EE737D}.Debug|Any CPU.Build.0 = Debug|Any CPU
		{61266608-DD55-58AA-7851-7444B9EE737D}.Release|Any CPU.ActiveCfg = Release|Any CPU
		{61266608-DD55-58AA-7851-7444B9EE737D}.Release|Any CPU.Build.0 = Release|Any CPU
	EndGlobalSection
	GlobalSection(SolutionProperties) = preSolution
		HideSolutionNode = FALSE
	EndGlobalSection
EndGlobal
